%{"bamboo": {:hex, :bamboo, "0.8.0", "573889a3efcb906bb9d25a1c4caa4ca22f479235e1b8cc3260d8b88dabeb4b14", [:mix], [{:hackney, "~> 1.6", [hex: :hackney, optional: false]}, {:plug, "~> 1.0", [hex: :plug, optional: false]}, {:poison, ">= 1.5.0", [hex: :poison, optional: false]}]},
  "browser": {:hex, :browser, "0.2.0", "0b2656c40feaf222b21ea31d02980e037a1d1fb88fec010697f44c4057d8b2e3", [:mix], [{:plug, "~> 1.2", [hex: :plug, optional: true]}]},
  "bunt": {:hex, :bunt, "0.2.0", "951c6e801e8b1d2cbe58ebbd3e616a869061ddadcc4863d0a2182541acae9a38", [:mix], [], "hexpm"},
  "certifi": {:hex, :certifi, "1.0.0", "1c787a85b1855ba354f0b8920392c19aa1d06b0ee1362f9141279620a5be2039", [:rebar3], [], "hexpm"},
  "cidr": {:hex, :cidr, "1.0.0", "aef4de6316688c35193066886c120df3ade8c0b126b1da386b7e4e5636031413", [:mix], []},
  "combine": {:hex, :combine, "0.9.3", "192e609b48b3f2210494e26f85db1712657be1a8f15795656710317ea43fc449", [:mix], []},
  "connection": {:hex, :connection, "1.0.4", "a1cae72211f0eef17705aaededacac3eb30e6625b04a6117c1b2db6ace7d5976", [:mix], []},
  "cowboy": {:hex, :cowboy, "1.0.4", "a324a8df9f2316c833a470d918aaf73ae894278b8aa6226ce7a9bf699388f878", [:make, :rebar], [{:cowlib, "~> 1.0.0", [hex: :cowlib, optional: false]}, {:ranch, "~> 1.0", [hex: :ranch, optional: false]}]},
  "cowlib": {:hex, :cowlib, "1.0.2", "9d769a1d062c9c3ac753096f868ca121e2730b9a377de23dec0f7e08b1df84ee", [:make], []},
  "credo": {:hex, :credo, "0.8.8", "990e7844a8d06ebacd88744a55853a83b74270b8a8461c55a4d0334b8e1736c9", [:mix], [{:bunt, "~> 0.2.0", [hex: :bunt, repo: "hexpm", optional: false]}], "hexpm"},
  "db_connection": {:hex, :db_connection, "1.1.2", "2865c2a4bae0714e2213a0ce60a1b12d76a6efba0c51fbda59c9ab8d1accc7a8", [:mix], [{:connection, "~> 1.0.2", [hex: :connection, repo: "hexpm", optional: false]}, {:poolboy, "~> 1.5", [hex: :poolboy, repo: "hexpm", optional: true]}, {:sbroker, "~> 1.0", [hex: :sbroker, repo: "hexpm", optional: true]}], "hexpm"},
  "decimal": {:hex, :decimal, "1.3.1", "157b3cedb2bfcb5359372a7766dd7a41091ad34578296e951f58a946fcab49c6", [:mix], []},
  "earmark": {:hex, :earmark, "1.0.3", "89bdbaf2aca8bbb5c97d8b3b55c5dd0cff517ecc78d417e87f1d0982e514557b", [:mix], []},
  "ecto": {:hex, :ecto, "2.1.6", "29b45f393c2ecd99f83e418ea9b0a2af6078ecb30f401481abac8a473c490f84", [:mix], [{:db_connection, "~> 1.1", [hex: :db_connection, repo: "hexpm", optional: true]}, {:decimal, "~> 1.2", [hex: :decimal, repo: "hexpm", optional: false]}, {:mariaex, "~> 0.8.0", [hex: :mariaex, repo: "hexpm", optional: true]}, {:poison, "~> 2.2 or ~> 3.0", [hex: :poison, repo: "hexpm", optional: true]}, {:poolboy, "~> 1.5", [hex: :poolboy, repo: "hexpm", optional: false]}, {:postgrex, "~> 0.13.0", [hex: :postgrex, repo: "hexpm", optional: true]}, {:sbroker, "~> 1.0", [hex: :sbroker, repo: "hexpm", optional: true]}], "hexpm"},
  "ex_doc": {:hex, :ex_doc, "0.14.5", "c0433c8117e948404d93ca69411dd575ec6be39b47802e81ca8d91017a0cf83c", [:mix], [{:earmark, "~> 1.0", [hex: :earmark, optional: false]}]},
  "fs": {:hex, :fs, "0.9.2", "ed17036c26c3f70ac49781ed9220a50c36775c6ca2cf8182d123b6566e49ec59", [:rebar], []},
  "geocalc": {:hex, :geocalc, "0.5.3", "b39138c9810d6b73e2335866e6b9ccc26fdcb7bf0dbae5b7e5f95a03b3c26efe", [:mix], []},
  "geolix": {:hex, :geolix, "0.10.1", "3a7602862339179455a69f8ed2da3cd3f56e6e9f8010405893e2d9df3a482797", [:mix], [{:poolboy, "~> 1.0", [hex: :poolboy, optional: false]}]},
  "gettext": {:hex, :gettext, "0.13.0", "daafbddc5cda12738bb93b01d84105fe75b916a302f1c50ab9fb066b95ec9db4", [:mix], []},
  "hackney": {:hex, :hackney, "1.6.6", "5564b4695d48fd87859e9df77a7fa4b4d284d24519f0cd7cc898f09e8fbdc8a3", [:rebar3], [{:certifi, "1.0.0", [hex: :certifi, repo: "hexpm", optional: false]}, {:idna, "4.0.0", [hex: :idna, repo: "hexpm", optional: false]}, {:metrics, "1.0.1", [hex: :metrics, repo: "hexpm", optional: false]}, {:mimerl, "1.0.2", [hex: :mimerl, repo: "hexpm", optional: false]}, {:ssl_verify_fun, "1.1.1", [hex: :ssl_verify_fun, repo: "hexpm", optional: false]}], "hexpm"},
  "hound": {:hex, :hound, "1.0.2", "b6dd20142d00c28009fad503a23fa4a76bc11899e0d198f36a9c1448427788b2", [:mix], [{:httpoison, "~> 0.8", [hex: :httpoison, optional: false]}, {:poison, ">= 1.4.0", [hex: :poison, optional: false]}]},
  "httpoison": {:hex, :httpoison, "0.10.0", "4727b3a5e57e9a4ff168a3c2883e20f1208103a41bccc4754f15a9366f49b676", [:mix], [{:hackney, "~> 1.6.3", [hex: :hackney, optional: false]}]},
  "idna": {:hex, :idna, "4.0.0", "10aaa9f79d0b12cf0def53038547855b91144f1bfcc0ec73494f38bb7b9c4961", [:rebar3], [], "hexpm"},
  "inet_cidr": {:hex, :inet_cidr, "1.0.1", "9038d0598eb2f7f4b4347c566b773c79e10edfb038633de9f55d538ba2703ac3", [:mix], []},
  "lhttpc": {:hex, :lhttpc, "1.4.0", "61760afec1ddb98e47972be93b13fbff487a63d65b91a02c41122a0adf83da38", [:rebar3], []},
  "metrics": {:hex, :metrics, "1.0.1", "25f094dea2cda98213cecc3aeff09e940299d950904393b2a29d191c346a8486", [:rebar3], []},
  "mime": {:hex, :mime, "1.0.1", "05c393850524767d13a53627df71beeebb016205eb43bfbd92d14d24ec7a1b51", [:mix], []},
  "mimerl": {:hex, :mimerl, "1.0.2", "993f9b0e084083405ed8252b99460c4f0563e41729ab42d9074fd5e52439be88", [:rebar3], []},
  "new_relic": {:git, "https://github.com/romul/newrelic.ex.git", "6f690dca395724f0a24be8c9a54cfec01e482c2a", [ref: "6f690dca395724f0a24be8c9a54cfec01e482c2a"]},
  "number": {:hex, :number, "0.5.1", "41c41d6437d1bfe33df3c3ba27bd0e72a55d72bc7649882453c3d1ee494157ca", [:mix], [{:decimal, "~> 1.0", [hex: :decimal, optional: false]}]},
  "oauth2": {:hex, :oauth2, "0.8.2", "3f3c9fef0ceb5ba80b6ed097ec98acc0d13f5869dce0ebbbbc521caa56077c12", [:mix], [{:hackney, "~> 1.6", [hex: :hackney, optional: false]}]},
  "phoenix": {:hex, :phoenix, "1.2.1", "6dc592249ab73c67575769765b66ad164ad25d83defa3492dc6ae269bd2a68ab", [:mix], [{:cowboy, "~> 1.0", [hex: :cowboy, optional: true]}, {:phoenix_pubsub, "~> 1.0", [hex: :phoenix_pubsub, optional: false]}, {:plug, "~> 1.1", [hex: :plug, optional: false]}, {:poison, "~> 1.5 or ~> 2.0", [hex: :poison, optional: false]}]},
  "phoenix_ecto": {:hex, :phoenix_ecto, "3.0.1", "42eb486ef732cf209d0a353e791806721f33ff40beab0a86f02070a5649ed00a", [:mix], [{:ecto, "~> 2.0", [hex: :ecto, optional: false]}, {:phoenix_html, "~> 2.6", [hex: :phoenix_html, optional: true]}, {:plug, "~> 1.0", [hex: :plug, optional: false]}]},
  "phoenix_html": {:hex, :phoenix_html, "2.8.0", "777598a4b6609ad6ab8b180f7b25c9af2904644e488922bb9b9b03ce988d20b1", [:mix], [{:plug, "~> 1.0", [hex: :plug, optional: false]}]},
  "phoenix_live_reload": {:hex, :phoenix_live_reload, "1.0.6", "4490d588c4f60248b1c5f1f0dc0a7271e1aed4bddbd8b1542630f7bf6bc7b012", [:mix], [{:fs, "~> 0.9.1", [hex: :fs, optional: false]}, {:phoenix, "~> 1.0 or ~> 1.2-rc", [hex: :phoenix, optional: false]}]},
  "phoenix_pubsub": {:hex, :phoenix_pubsub, "1.0.1", "c10ddf6237007c804bf2b8f3c4d5b99009b42eca3a0dfac04ea2d8001186056a", [:mix], []},
  "plug": {:hex, :plug, "1.3.0", "6e2b01afc5db3fd011ca4a16efd9cb424528c157c30a44a0186bcc92c7b2e8f3", [:mix], [{:cowboy, "~> 1.0.1 or ~> 1.1", [hex: :cowboy, optional: true]}, {:mime, "~> 1.0", [hex: :mime, optional: false]}]},
  "plug_cloudflare": {:hex, :plug_cloudflare, "1.3.0", "5da9f257edb67d98f55e731e5250fd437f940b17c508887022c593eea8215afe", [:mix], [{:cidr, ">= 0.5.0", [hex: :cidr, optional: false]}, {:plug, ">= 1.1.2", [hex: :plug, optional: false]}]},
  "plug_forwarded_peer": {:hex, :plug_forwarded_peer, "0.0.2", "e245a4bf326ea42b5de7b98924743c747cb45dd407c69fda92429b371604d353", [:mix], [{:plug, ">= 0.13.0 and < 2.0.0", [hex: :plug, optional: false]}]},
  "poison": {:hex, :poison, "2.2.0", "4763b69a8a77bd77d26f477d196428b741261a761257ff1cf92753a0d4d24a63", [:mix], []},
  "poolboy": {:hex, :poolboy, "1.5.1", "6b46163901cfd0a1b43d692657ed9d7e599853b3b21b95ae5ae0a777cf9b6ca8", [:rebar], []},
  "postgrex": {:hex, :postgrex, "0.13.3", "c277cfb2a9c5034d445a722494c13359e361d344ef6f25d604c2353185682bfc", [:mix], [{:connection, "~> 1.0", [hex: :connection, repo: "hexpm", optional: false]}, {:db_connection, "~> 1.1", [hex: :db_connection, repo: "hexpm", optional: false]}, {:decimal, "~> 1.0", [hex: :decimal, repo: "hexpm", optional: false]}], "hexpm"},
  "ranch": {:hex, :ranch, "1.2.1", "a6fb992c10f2187b46ffd17ce398ddf8a54f691b81768f9ef5f461ea7e28c762", [:make], []},
  "remote_ip": {:hex, :remote_ip, "0.1.1", "5e708ee8eef7fa6423a9e51ffd2c7a66f7b801fc2dbc30382d72d08fef85930a", [:mix], [{:combine, "~> 0.9.2", [hex: :combine, optional: false]}, {:inet_cidr, "~> 1.0", [hex: :inet_cidr, optional: false]}, {:plug, "~> 1.2", [hex: :plug, optional: false]}]},
  "rollbax": {:hex, :rollbax, "0.8.0", "dbcb2271578e2eab34d80a1e48145894696538f72269d71b62f4d731b0c5fdca", [:mix], [{:hackney, "~> 1.1", [hex: :hackney, optional: false]}, {:poison, "~> 1.4 or ~> 2.0 or ~> 3.0", [hex: :poison, optional: false]}]},
  "sitemap": {:hex, :sitemap, "0.7.2", "088230c675b8cea04764ef9614b712a2d7e589e8cc5c5b768b5957e465ded864", [:mix], [{:xml_builder, ">= 0.0.0", [hex: :xml_builder, optional: false]}]},
  "ssl_verify_fun": {:hex, :ssl_verify_fun, "1.1.1", "28a4d65b7f59893bc2c7de786dec1e1555bd742d336043fe644ae956c3497fbe", [:make, :rebar], []},
  "timex": {:hex, :timex, "3.1.5", "413d6d8d6f0162a5d47080cb8ca520d790184ac43e097c95191c7563bf25b428", [:mix], [{:combine, "~> 0.7", [hex: :combine, optional: false]}, {:gettext, "~> 0.10", [hex: :gettext, optional: false]}, {:tzdata, "~> 0.1.8 or ~> 0.5", [hex: :tzdata, optional: false]}]},
  "timex_ecto": {:hex, :timex_ecto, "3.0.5", "3ec6c25e10d2c0020958e5df64d2b5e690e441faa2c2259da8bc6bd3d7f39256", [:mix], [{:ecto, "~> 2.0", [hex: :ecto, optional: false]}, {:timex, "~> 3.0", [hex: :timex, optional: false]}]},
  "tzdata": {:hex, :tzdata, "0.5.12", "1c17b68692c6ba5b6ab15db3d64cc8baa0f182043d5ae9d4b6d35d70af76f67b", [:mix], [{:hackney, "~> 1.0", [hex: :hackney, repo: "hexpm", optional: false]}], "hexpm"},
  "ueberauth": {:hex, :ueberauth, "0.4.0", "bc72d5e5a7bdcbfcf28a756e34630816edabc926303bdce7e171f7ac7ffa4f91", [:mix], [{:plug, "~> 1.2", [hex: :plug, optional: false]}]},
  "ueberauth_auth0": {:hex, :ueberauth_auth0, "0.1.3", "fa957037ef64fc5e409528004947c6b6b72d14179070079a0a4a728701a98f8f", [:mix], [{:oauth2, "~> 0.7", [hex: :oauth2, optional: false]}, {:ueberauth, "~> 0.2", [hex: :ueberauth, optional: false]}]},
  "xml_builder": {:hex, :xml_builder, "0.0.8", "dea10735e15c91e24582e41ee2d3282b7f0177a5b42d6268096a6221ba83226f", [:mix], []}}
